// !$*UTF8*$!
{
	archiveVersion = 1;
	classes = {
	};
	objectVersion = 56;
	objects = {

/* Begin PBXBuildFile section */
		F799D39B2BA9655700D75291 /* main.cpp in Sources */ = {isa = PBXBuildFile; fileRef = F799D39A2BA9655700D75291 /* main.cpp */; };
		F799D3A32BA9656E00D75291 /* Vehicule.cpp in Sources */ = {isa = PBXBuildFile; fileRef = F799D3A12BA9656E00D75291 /* Vehicule.cpp */; };
		F799D3A62BA965E200D75291 /* Voiture.cpp in Sources */ = {isa = PBXBuildFile; fileRef = F799D3A42BA965E200D75291 /* Voiture.cpp */; };
		F799D3A92BA9665500D75291 /* Moto.cpp in Sources */ = {isa = PBXBuildFile; fileRef = F799D3A72BA9665500D75291 /* Moto.cpp */; };
/* End PBXBuildFile section */

/* Begin PBXCopyFilesBuildPhase section */
		F799D3952BA9655700D75291 /* CopyFiles */ = {
			isa = PBXCopyFilesBuildPhase;
			buildActionMask = 2147483647;
			dstPath = /usr/share/man/man1/;
			dstSubfolderSpec = 0;
			files = (
			);
			runOnlyForDeploymentPostprocessing = 1;
		};
/* End PBXCopyFilesBuildPhase section */

/* Begin PBXFileReference section */
		F799D3972BA9655700D75291 /* TrainOpenClassroom3 */ = {isa = PBXFileReference; explicitFileType = "compiled.mach-o.executable"; includeInIndex = 0; path = TrainOpenClassroom3; sourceTree = BUILT_PRODUCTS_DIR; };
		F799D39A2BA9655700D75291 /* main.cpp */ = {isa = PBXFileReference; lastKnownFileType = sourcecode.cpp.cpp; path = main.cpp; sourceTree = "<group>"; };
		F799D3A12BA9656E00D75291 /* Vehicule.cpp */ = {isa = PBXFileReference; lastKnownFileType = sourcecode.cpp.cpp; path = Vehicule.cpp; sourceTree = "<group>"; };
		F799D3A22BA9656E00D75291 /* Vehicule.hpp */ = {isa = PBXFileReference; lastKnownFileType = sourcecode.cpp.h; path = Vehicule.hpp; sourceTree = "<group>"; };
		F799D3A42BA965E200D75291 /* Voiture.cpp */ = {isa = PBXFileReference; lastKnownFileType = sourcecode.cpp.cpp; path = Voiture.cpp; sourceTree = "<group>"; };
		F799D3A52BA965E200D75291 /* Voiture.hpp */ = {isa = PBXFileReference; lastKnownFileType = sourcecode.cpp.h; path = Voiture.hpp; sourceTree = "<group>"; };
		F799D3A72BA9665500D75291 /* Moto.cpp */ = {isa = PBXFileReference; lastKnownFileType = sourcecode.cpp.cpp; path = Moto.cpp; sourceTree = "<group>"; };
		F799D3A82BA9665500D75291 /* Moto.hpp */ = {isa = PBXFileReference; lastKnownFileType = sourcecode.cpp.h; path = Moto.hpp; sourceTree = "<group>"; };
/* End PBXFileReference section */

/* Begin PBXFrameworksBuildPhase section */
		F799D3942BA9655700D75291 /* Frameworks */ = {
			isa = PBXFrameworksBuildPhase;
			buildActionMask = 2147483647;
			files = (
			);
			runOnlyForDeploymentPostprocessing = 0;
		};
/* End PBXFrameworksBuildPhase section */

/* Begin PBXGroup section */
		F799D38E2BA9655700D75291 = {
			isa = PBXGroup;
			children = (
				F799D3992BA9655700D75291 /* TrainOpenClassroom3 */,
				F799D3982BA9655700D75291 /* Products */,
			);
			sourceTree = "<group>";
		};
		F799D3982BA9655700D75291 /* Products */ = {
			isa = PBXGroup;
			children = (
				F799D3972BA9655700D75291 /* TrainOpenClassroom3 */,
			);
			name = Products;
			sourceTree = "<group>";
		};
		F799D3992BA9655700D75291 /* TrainOpenClassroom3 */ = {
			isa = PBXGroup;
			children = (
				F799D39A2BA9655700D75291 /* main.cpp */,
				F799D3A12BA9656E00D75291 /* Vehicule.cpp */,
				F799D3A22BA9656E00D75291 /* Vehicule.hpp */,
				F799D3A42BA965E200D75291 /* Voiture.cpp */,
				F799D3A52BA965E200D75291 /* Voiture.hpp */,
				F799D3A72BA9665500D75291 /* Moto.cpp */,
				F799D3A82BA9665500D75291 /* Moto.hpp */,
			);
			path = TrainOpenClassroom3;
			sourceTree = "<group>";
		};
/* End PBXGroup section */

/* Begin PBXNativeTarget section */
		F799D3962BA9655700D75291 /* TrainOpenClassroom3 */ = {
			isa = PBXNativeTarget;
			buildConfigurationList = F799D39E2BA9655700D75291 /* Build configuration list for PBXNativeTarget "TrainOpenClassroom3" */;
			buildPhases = (
				F799D3932BA9655700D75291 /* Sources */,
				F799D3942BA9655700D75291 /* Frameworks */,
				F799D3952BA9655700D75291 /* CopyFiles */,
			);
			buildRules = (
			);
			dependencies = (
			);
			name = TrainOpenClassroom3;
			productName = TrainOpenClassroom3;
			productReference = F799D3972BA9655700D75291 /* TrainOpenClassroom3 */;
			productType = "com.apple.product-type.tool";
		};
/* End PBXNativeTarget section */

/* Begin PBXProject section */
		F799D38F2BA9655700D75291 /* Project object */ = {
			isa = PBXProject;
			attributes = {
				BuildIndependentTargetsInParallel = 1;
				LastUpgradeCheck = 1530;
				TargetAttributes = {
					F799D3962BA9655700D75291 = {
						CreatedOnToolsVersion = 15.3;
					};
				};
			};
			buildConfigurationList = F799D3922BA9655700D75291 /* Build configuration list for PBXProject "TrainOpenClassroom3" */;
			compatibilityVersion = "Xcode 14.0";
			developmentRegion = en;
			hasScannedForEncodings = 0;
			knownRegions = (
				en,
				Base,
			);
			mainGroup = F799D38E2BA9655700D75291;
			productRefGroup = F799D3982BA9655700D75291 /* Products */;
			projectDirPath = "";
			projectRoot = "";
			targets = (
				F799D3962BA9655700D75291 /* TrainOpenClassroom3 */,
			);
		};
/* End PBXProject section */

/* Begin PBXSourcesBuildPhase section */
		F799D3932BA9655700D75291 /* Sources */ = {
			isa = PBXSourcesBuildPhase;
			buildActionMask = 2147483647;
			files = (
				F799D3A92BA9665500D75291 /* Moto.cpp in Sources */,
				F799D3A32BA9656E00D75291 /* Vehicule.cpp in Sources */,
				F799D3A62BA965E200D75291 /* Voiture.cpp in Sources */,
				F799D39B2BA9655700D75291 /* main.cpp in Sources */,
			);
			runOnlyForDeploymentPostprocessing = 0;
		};
/* End PBXSourcesBuildPhase section */

/* Begin XCBuildConfiguration section */
		F799D39C2BA9655700D75291 /* Debug */ = {
			isa = XCBuildConfiguration;
			buildSettings = {
				ALWAYS_SEARCH_USER_PATHS = NO;
				ASSETCATALOG_COMPILER_GENERATE_SWIFT_ASSET_SYMBOL_EXTENSIONS = YES;
				CLANG_ANALYZER_NONNULL = YES;
				CLANG_ANALYZER_NUMBER_OBJECT_CONVERSION = YES_AGGRESSIVE;
				CLANG_CXX_LANGUAGE_STANDARD = "gnu++20";
				CLANG_ENABLE_MODULES = YES;
				CLANG_ENABLE_OBJC_ARC = YES;
				CLANG_ENABLE_OBJC_WEAK = YES;
				CLANG_WARN_BLOCK_CAPTURE_AUTORELEASING = YES;
				CLANG_WARN_BOOL_CONVERSION = YES;
				CLANG_WARN_COMMA = YES;
				CLANG_WARN_CONSTANT_CONVERSION = YES;
				CLANG_WARN_DEPRECATED_OBJC_IMPLEMENTATIONS = YES;
				CLANG_WARN_DIRECT_OBJC_ISA_USAGE = YES_ERROR;
				CLANG_WARN_DOCUMENTATION_COMMENTS = YES;
				CLANG_WARN_EMPTY_BODY = YES;
				CLANG_WARN_ENUM_CONVERSION = YES;
				CLANG_WARN_INFINITE_RECURSION = YES;
				CLANG_WARN_INT_CONVERSION = YES;
				CLANG_WARN_NON_LITERAL_NULL_CONVERSION = YES;
				CLANG_WARN_OBJC_IMPLICIT_RETAIN_SELF = YES;
				CLANG_WARN_OBJC_LITERAL_CONVERSION = YES;
				CLANG_WARN_OBJC_ROOT_CLASS = YES_ERROR;
				CLANG_WARN_QUOTED_INCLUDE_IN_FRAMEWORK_HEADER = YES;
				CLANG_WARN_RANGE_LOOP_ANALYSIS = YES;
				CLANG_WARN_STRICT_PROTOTYPES = YES;
				CLANG_WARN_SUSPICIOUS_MOVE = YES;
				CLANG_WARN_UNGUARDED_AVAILABILITY = YES_AGGRESSIVE;
				CLANG_WARN_UNREACHABLE_CODE = YES;
				CLANG_WARN__DUPLICATE_METHOD_MATCH = YES;
				COPY_PHASE_STRIP = NO;
				DEBUG_INFORMATION_FORMAT = dwarf;
				ENABLE_STRICT_OBJC_MSGSEND = YES;
				ENABLE_TESTABILITY = YES;
				ENABLE_USER_SCRIPT_SANDBOXING = YES;
				GCC_C_LANGUAGE_STANDARD = gnu17;
				GCC_DYNAMIC_NO_PIC = NO;
				GCC_NO_COMMON_BLOCKS = YES;
				GCC_OPTIMIZATION_LEVEL = 0;
				GCC_PREPROCESSOR_DEFINITIONS = (
					"DEBUG=1",
					"$(inherited)",
				);
				GCC_WARN_64_TO_32_BIT_CONVERSION = YES;
				GCC_WARN_ABOUT_RETURN_TYPE = YES_ERROR;
				GCC_WARN_UNDECLARED_SELECTOR = YES;
				GCC_WARN_UNINITIALIZED_AUTOS = YES_AGGRESSIVE;
				GCC_WARN_UNUSED_FUNCTION = YES;
				GCC_WARN_UNUSED_VARIABLE = YES;
				LOCALIZATION_PREFERS_STRING_CATALOGS = YES;
				MACOSX_DEPLOYMENT_TARGET = 14.4;
				MTL_ENABLE_DEBUG_INFO = INCLUDE_SOURCE;
				MTL_FAST_MATH = YES;
				ONLY_ACTIVE_ARCH = YES;
				SDKROOT = macosx;
			};
			name = Debug;
		};
		F799D39D2BA9655700D75291 /* Release */ = {
			isa = XCBuildConfiguration;
			buildSettings = {
				ALWAYS_SEARCH_USER_PATHS = NO;
				ASSETCATALOG_COMPILER_GENERATE_SWIFT_ASSET_SYMBOL_EXTENSIONS = YES;
				CLANG_ANALYZER_NONNULL = YES;
				CLANG_ANALYZER_NUMBER_OBJECT_CONVERSION = YES_AGGRESSIVE;
				CLANG_CXX_LANGUAGE_STANDARD = "gnu++20";
				CLANG_ENABLE_MODULES = YES;
				CLANG_ENABLE_OBJC_ARC = YES;
				CLANG_ENABLE_OBJC_WEAK = YES;
				CLANG_WARN_BLOCK_CAPTURE_AUTORELEASING = YES;
				CLANG_WARN_BOOL_CONVERSION = YES;
				CLANG_WARN_COMMA = YES;
				CLANG_WARN_CONSTANT_CONVERSION = YES;
				CLANG_WARN_DEPRECATED_OBJC_IMPLEMENTATIONS = YES;
				CLANG_WARN_DIRECT_OBJC_ISA_USAGE = YES_ERROR;
				CLANG_WARN_DOCUMENTATION_COMMENTS = YES;
				CLANG_WARN_EMPTY_BODY = YES;
				CLANG_WARN_ENUM_CONVERSION = YES;
				CLANG_WARN_INFINITE_RECURSION = YES;
				CLANG_WARN_INT_CONVERSION = YES;
				CLANG_WARN_NON_LITERAL_NULL_CONVERSION = YES;
				CLANG_WARN_OBJC_IMPLICIT_RETAIN_SELF = YES;
				CLANG_WARN_OBJC_LITERAL_CONVERSION = YES;
				CLANG_WARN_OBJC_ROOT_CLASS = YES_ERROR;
				CLANG_WARN_QUOTED_INCLUDE_IN_FRAMEWORK_HEADER = YES;
				CLANG_WARN_RANGE_LOOP_ANALYSIS = YES;
				CLANG_WARN_STRICT_PROTOTYPES = YES;
				CLANG_WARN_SUSPICIOUS_MOVE = YES;
				CLANG_WARN_UNGUARDED_AVAILABILITY = YES_AGGRESSIVE;
				CLANG_WARN_UNREACHABLE_CODE = YES;
				CLANG_WARN__DUPLICATE_METHOD_MATCH = YES;
				COPY_PHASE_STRIP = NO;
				DEBUG_INFORMATION_FORMAT = "dwarf-with-dsym";
				ENABLE_NS_ASSERTIONS = NO;
				ENABLE_STRICT_OBJC_MSGSEND = YES;
				ENABLE_USER_SCRIPT_SANDBOXING = YES;
				GCC_C_LANGUAGE_STANDARD = gnu17;
				GCC_NO_COMMON_BLOCKS = YES;
				GCC_WARN_64_TO_32_BIT_CONVERSION = YES;
				GCC_WARN_ABOUT_RETURN_TYPE = YES_ERROR;
				GCC_WARN_UNDECLARED_SELECTOR = YES;
				GCC_WARN_UNINITIALIZED_AUTOS = YES_AGGRESSIVE;
				GCC_WARN_UNUSED_FUNCTION = YES;
				GCC_WARN_UNUSED_VARIABLE = YES;
				LOCALIZATION_PREFERS_STRING_CATALOGS = YES;
				MACOSX_DEPLOYMENT_TARGET = 14.4;
				MTL_ENABLE_DEBUG_INFO = NO;
				MTL_FAST_MATH = YES;
				SDKROOT = macosx;
			};
			name = Release;
		};
		F799D39F2BA9655700D75291 /* Debug */ = {
			isa = XCBuildConfiguration;
			buildSettings = {
				CODE_SIGN_STYLE = Automatic;
				PRODUCT_NAME = "$(TARGET_NAME)";
			};
			name = Debug;
		};
		F799D3A02BA9655700D75291 /* Release */ = {
			isa = XCBuildConfiguration;
			buildSettings = {
				CODE_SIGN_STYLE = Automatic;
				PRODUCT_NAME = "$(TARGET_NAME)";
			};
			name = Release;
		};
/* End XCBuildConfiguration section */

/* Begin XCConfigurationList section */
		F799D3922BA9655700D75291 /* Build configuration list for PBXProject "TrainOpenClassroom3" */ = {
			isa = XCConfigurationList;
			buildConfigurations = (
				F799D39C2BA9655700D75291 /* Debug */,
				F799D39D2BA9655700D75291 /* Release */,
			);
			defaultConfigurationIsVisible = 0;
			defaultConfigurationName = Release;
		};
		F799D39E2BA9655700D75291 /* Build configuration list for PBXNativeTarget "TrainOpenClassroom3" */ = {
			isa = XCConfigurationList;
			buildConfigurations = (
				F799D39F2BA9655700D75291 /* Debug */,
				F799D3A02BA9655700D75291 /* Release */,
			);
			defaultConfigurationIsVisible = 0;
			defaultConfigurationName = Release;
		};
/* End XCConfigurationList section */
	};
	rootObject = F799D38F2BA9655700D75291 /* Project object */;
}
