// !$*UTF8*$!
{
	archiveVersion = 1;
	classes = {
	};
	objectVersion = 56;
	objects = {

/* Begin PBXBuildFile section */
		F7CA017D2BB1DA19003E1B95 /* main.cpp in Sources */ = {isa = PBXBuildFile; fileRef = F7CA017C2BB1DA19003E1B95 /* main.cpp */; };
		F7CA01852BB1DA30003E1B95 /* Personnage.cpp in Sources */ = {isa = PBXBuildFile; fileRef = F7CA01832BB1DA30003E1B95 /* Personnage.cpp */; };
		F7CA01882BB1E601003E1B95 /* Calculatrice.cpp in Sources */ = {isa = PBXBuildFile; fileRef = F7CA01862BB1E601003E1B95 /* Calculatrice.cpp */; };
		F7CA018B2BB1EA81003E1B95 /* Duree.cpp in Sources */ = {isa = PBXBuildFile; fileRef = F7CA01892BB1EA81003E1B95 /* Duree.cpp */; };
		F7CA018E2BB1EDEC003E1B95 /* Fraction.cpp in Sources */ = {isa = PBXBuildFile; fileRef = F7CA018C2BB1EDEC003E1B95 /* Fraction.cpp */; };
/* End PBXBuildFile section */

/* Begin PBXCopyFilesBuildPhase section */
		F7CA01772BB1DA19003E1B95 /* CopyFiles */ = {
			isa = PBXCopyFilesBuildPhase;
			buildActionMask = 2147483647;
			dstPath = /usr/share/man/man1/;
			dstSubfolderSpec = 0;
			files = (
			);
			runOnlyForDeploymentPostprocessing = 1;
		};
/* End PBXCopyFilesBuildPhase section */

/* Begin PBXFileReference section */
		F7CA01792BB1DA19003E1B95 /* TrainOpenClassroom5 */ = {isa = PBXFileReference; explicitFileType = "compiled.mach-o.executable"; includeInIndex = 0; path = TrainOpenClassroom5; sourceTree = BUILT_PRODUCTS_DIR; };
		F7CA017C2BB1DA19003E1B95 /* main.cpp */ = {isa = PBXFileReference; lastKnownFileType = sourcecode.cpp.cpp; path = main.cpp; sourceTree = "<group>"; };
		F7CA01832BB1DA30003E1B95 /* Personnage.cpp */ = {isa = PBXFileReference; lastKnownFileType = sourcecode.cpp.cpp; path = Personnage.cpp; sourceTree = "<group>"; };
		F7CA01842BB1DA30003E1B95 /* Personnage.hpp */ = {isa = PBXFileReference; lastKnownFileType = sourcecode.cpp.h; path = Personnage.hpp; sourceTree = "<group>"; };
		F7CA01862BB1E601003E1B95 /* Calculatrice.cpp */ = {isa = PBXFileReference; lastKnownFileType = sourcecode.cpp.cpp; path = Calculatrice.cpp; sourceTree = "<group>"; };
		F7CA01872BB1E601003E1B95 /* Calculatrice.hpp */ = {isa = PBXFileReference; lastKnownFileType = sourcecode.cpp.h; path = Calculatrice.hpp; sourceTree = "<group>"; };
		F7CA01892BB1EA81003E1B95 /* Duree.cpp */ = {isa = PBXFileReference; lastKnownFileType = sourcecode.cpp.cpp; path = Duree.cpp; sourceTree = "<group>"; };
		F7CA018A2BB1EA81003E1B95 /* Duree.hpp */ = {isa = PBXFileReference; lastKnownFileType = sourcecode.cpp.h; path = Duree.hpp; sourceTree = "<group>"; };
		F7CA018C2BB1EDEC003E1B95 /* Fraction.cpp */ = {isa = PBXFileReference; lastKnownFileType = sourcecode.cpp.cpp; path = Fraction.cpp; sourceTree = "<group>"; };
		F7CA018D2BB1EDEC003E1B95 /* Fraction.hpp */ = {isa = PBXFileReference; lastKnownFileType = sourcecode.cpp.h; path = Fraction.hpp; sourceTree = "<group>"; };
/* End PBXFileReference section */

/* Begin PBXFrameworksBuildPhase section */
		F7CA01762BB1DA19003E1B95 /* Frameworks */ = {
			isa = PBXFrameworksBuildPhase;
			buildActionMask = 2147483647;
			files = (
			);
			runOnlyForDeploymentPostprocessing = 0;
		};
/* End PBXFrameworksBuildPhase section */

/* Begin PBXGroup section */
		F7CA01702BB1DA19003E1B95 = {
			isa = PBXGroup;
			children = (
				F7CA017B2BB1DA19003E1B95 /* TrainOpenClassroom5 */,
				F7CA017A2BB1DA19003E1B95 /* Products */,
			);
			sourceTree = "<group>";
		};
		F7CA017A2BB1DA19003E1B95 /* Products */ = {
			isa = PBXGroup;
			children = (
				F7CA01792BB1DA19003E1B95 /* TrainOpenClassroom5 */,
			);
			name = Products;
			sourceTree = "<group>";
		};
		F7CA017B2BB1DA19003E1B95 /* TrainOpenClassroom5 */ = {
			isa = PBXGroup;
			children = (
				F7CA018A2BB1EA81003E1B95 /* Duree.hpp */,
				F7CA01892BB1EA81003E1B95 /* Duree.cpp */,
				F7CA018C2BB1EDEC003E1B95 /* Fraction.cpp */,
				F7CA018D2BB1EDEC003E1B95 /* Fraction.hpp */,
				F7CA01862BB1E601003E1B95 /* Calculatrice.cpp */,
				F7CA01872BB1E601003E1B95 /* Calculatrice.hpp */,
				F7CA017C2BB1DA19003E1B95 /* main.cpp */,
				F7CA01832BB1DA30003E1B95 /* Personnage.cpp */,
				F7CA01842BB1DA30003E1B95 /* Personnage.hpp */,
			);
			path = TrainOpenClassroom5;
			sourceTree = "<group>";
		};
/* End PBXGroup section */

/* Begin PBXNativeTarget section */
		F7CA01782BB1DA19003E1B95 /* TrainOpenClassroom5 */ = {
			isa = PBXNativeTarget;
			buildConfigurationList = F7CA01802BB1DA19003E1B95 /* Build configuration list for PBXNativeTarget "TrainOpenClassroom5" */;
			buildPhases = (
				F7CA01752BB1DA19003E1B95 /* Sources */,
				F7CA01762BB1DA19003E1B95 /* Frameworks */,
				F7CA01772BB1DA19003E1B95 /* CopyFiles */,
			);
			buildRules = (
			);
			dependencies = (
			);
			name = TrainOpenClassroom5;
			productName = TrainOpenClassroom5;
			productReference = F7CA01792BB1DA19003E1B95 /* TrainOpenClassroom5 */;
			productType = "com.apple.product-type.tool";
		};
/* End PBXNativeTarget section */

/* Begin PBXProject section */
		F7CA01712BB1DA19003E1B95 /* Project object */ = {
			isa = PBXProject;
			attributes = {
				BuildIndependentTargetsInParallel = 1;
				LastUpgradeCheck = 1530;
				TargetAttributes = {
					F7CA01782BB1DA19003E1B95 = {
						CreatedOnToolsVersion = 15.3;
					};
				};
			};
			buildConfigurationList = F7CA01742BB1DA19003E1B95 /* Build configuration list for PBXProject "TrainOpenClassroom5" */;
			compatibilityVersion = "Xcode 14.0";
			developmentRegion = en;
			hasScannedForEncodings = 0;
			knownRegions = (
				en,
				Base,
			);
			mainGroup = F7CA01702BB1DA19003E1B95;
			productRefGroup = F7CA017A2BB1DA19003E1B95 /* Products */;
			projectDirPath = "";
			projectRoot = "";
			targets = (
				F7CA01782BB1DA19003E1B95 /* TrainOpenClassroom5 */,
			);
		};
/* End PBXProject section */

/* Begin PBXSourcesBuildPhase section */
		F7CA01752BB1DA19003E1B95 /* Sources */ = {
			isa = PBXSourcesBuildPhase;
			buildActionMask = 2147483647;
			files = (
				F7CA01882BB1E601003E1B95 /* Calculatrice.cpp in Sources */,
				F7CA017D2BB1DA19003E1B95 /* main.cpp in Sources */,
				F7CA01852BB1DA30003E1B95 /* Personnage.cpp in Sources */,
				F7CA018B2BB1EA81003E1B95 /* Duree.cpp in Sources */,
				F7CA018E2BB1EDEC003E1B95 /* Fraction.cpp in Sources */,
			);
			runOnlyForDeploymentPostprocessing = 0;
		};
/* End PBXSourcesBuildPhase section */

/* Begin XCBuildConfiguration section */
		F7CA017E2BB1DA19003E1B95 /* Debug */ = {
			isa = XCBuildConfiguration;
			buildSettings = {
				ALWAYS_SEARCH_USER_PATHS = NO;
				ASSETCATALOG_COMPILER_GENERATE_SWIFT_ASSET_SYMBOL_EXTENSIONS = YES;
				CLANG_ANALYZER_NONNULL = YES;
				CLANG_ANALYZER_NUMBER_OBJECT_CONVERSION = YES_AGGRESSIVE;
				CLANG_CXX_LANGUAGE_STANDARD = "gnu++20";
				CLANG_ENABLE_MODULES = YES;
				CLANG_ENABLE_OBJC_ARC = YES;
				CLANG_ENABLE_OBJC_WEAK = YES;
				CLANG_WARN_BLOCK_CAPTURE_AUTORELEASING = YES;
				CLANG_WARN_BOOL_CONVERSION = YES;
				CLANG_WARN_COMMA = YES;
				CLANG_WARN_CONSTANT_CONVERSION = YES;
				CLANG_WARN_DEPRECATED_OBJC_IMPLEMENTATIONS = YES;
				CLANG_WARN_DIRECT_OBJC_ISA_USAGE = YES_ERROR;
				CLANG_WARN_DOCUMENTATION_COMMENTS = YES;
				CLANG_WARN_EMPTY_BODY = YES;
				CLANG_WARN_ENUM_CONVERSION = YES;
				CLANG_WARN_INFINITE_RECURSION = YES;
				CLANG_WARN_INT_CONVERSION = YES;
				CLANG_WARN_NON_LITERAL_NULL_CONVERSION = YES;
				CLANG_WARN_OBJC_IMPLICIT_RETAIN_SELF = YES;
				CLANG_WARN_OBJC_LITERAL_CONVERSION = YES;
				CLANG_WARN_OBJC_ROOT_CLASS = YES_ERROR;
				CLANG_WARN_QUOTED_INCLUDE_IN_FRAMEWORK_HEADER = YES;
				CLANG_WARN_RANGE_LOOP_ANALYSIS = YES;
				CLANG_WARN_STRICT_PROTOTYPES = YES;
				CLANG_WARN_SUSPICIOUS_MOVE = YES;
				CLANG_WARN_UNGUARDED_AVAILABILITY = YES_AGGRESSIVE;
				CLANG_WARN_UNREACHABLE_CODE = YES;
				CLANG_WARN__DUPLICATE_METHOD_MATCH = YES;
				COPY_PHASE_STRIP = NO;
				DEBUG_INFORMATION_FORMAT = dwarf;
				ENABLE_STRICT_OBJC_MSGSEND = YES;
				ENABLE_TESTABILITY = YES;
				ENABLE_USER_SCRIPT_SANDBOXING = YES;
				GCC_C_LANGUAGE_STANDARD = gnu17;
				GCC_DYNAMIC_NO_PIC = NO;
				GCC_NO_COMMON_BLOCKS = YES;
				GCC_OPTIMIZATION_LEVEL = 0;
				GCC_PREPROCESSOR_DEFINITIONS = (
					"DEBUG=1",
					"$(inherited)",
				);
				GCC_WARN_64_TO_32_BIT_CONVERSION = YES;
				GCC_WARN_ABOUT_RETURN_TYPE = YES_ERROR;
				GCC_WARN_UNDECLARED_SELECTOR = YES;
				GCC_WARN_UNINITIALIZED_AUTOS = YES_AGGRESSIVE;
				GCC_WARN_UNUSED_FUNCTION = YES;
				GCC_WARN_UNUSED_VARIABLE = YES;
				LOCALIZATION_PREFERS_STRING_CATALOGS = YES;
				MACOSX_DEPLOYMENT_TARGET = 14.4;
				MTL_ENABLE_DEBUG_INFO = INCLUDE_SOURCE;
				MTL_FAST_MATH = YES;
				ONLY_ACTIVE_ARCH = YES;
				SDKROOT = macosx;
			};
			name = Debug;
		};
		F7CA017F2BB1DA19003E1B95 /* Release */ = {
			isa = XCBuildConfiguration;
			buildSettings = {
				ALWAYS_SEARCH_USER_PATHS = NO;
				ASSETCATALOG_COMPILER_GENERATE_SWIFT_ASSET_SYMBOL_EXTENSIONS = YES;
				CLANG_ANALYZER_NONNULL = YES;
				CLANG_ANALYZER_NUMBER_OBJECT_CONVERSION = YES_AGGRESSIVE;
				CLANG_CXX_LANGUAGE_STANDARD = "gnu++20";
				CLANG_ENABLE_MODULES = YES;
				CLANG_ENABLE_OBJC_ARC = YES;
				CLANG_ENABLE_OBJC_WEAK = YES;
				CLANG_WARN_BLOCK_CAPTURE_AUTORELEASING = YES;
				CLANG_WARN_BOOL_CONVERSION = YES;
				CLANG_WARN_COMMA = YES;
				CLANG_WARN_CONSTANT_CONVERSION = YES;
				CLANG_WARN_DEPRECATED_OBJC_IMPLEMENTATIONS = YES;
				CLANG_WARN_DIRECT_OBJC_ISA_USAGE = YES_ERROR;
				CLANG_WARN_DOCUMENTATION_COMMENTS = YES;
				CLANG_WARN_EMPTY_BODY = YES;
				CLANG_WARN_ENUM_CONVERSION = YES;
				CLANG_WARN_INFINITE_RECURSION = YES;
				CLANG_WARN_INT_CONVERSION = YES;
				CLANG_WARN_NON_LITERAL_NULL_CONVERSION = YES;
				CLANG_WARN_OBJC_IMPLICIT_RETAIN_SELF = YES;
				CLANG_WARN_OBJC_LITERAL_CONVERSION = YES;
				CLANG_WARN_OBJC_ROOT_CLASS = YES_ERROR;
				CLANG_WARN_QUOTED_INCLUDE_IN_FRAMEWORK_HEADER = YES;
				CLANG_WARN_RANGE_LOOP_ANALYSIS = YES;
				CLANG_WARN_STRICT_PROTOTYPES = YES;
				CLANG_WARN_SUSPICIOUS_MOVE = YES;
				CLANG_WARN_UNGUARDED_AVAILABILITY = YES_AGGRESSIVE;
				CLANG_WARN_UNREACHABLE_CODE = YES;
				CLANG_WARN__DUPLICATE_METHOD_MATCH = YES;
				COPY_PHASE_STRIP = NO;
				DEBUG_INFORMATION_FORMAT = "dwarf-with-dsym";
				ENABLE_NS_ASSERTIONS = NO;
				ENABLE_STRICT_OBJC_MSGSEND = YES;
				ENABLE_USER_SCRIPT_SANDBOXING = YES;
				GCC_C_LANGUAGE_STANDARD = gnu17;
				GCC_NO_COMMON_BLOCKS = YES;
				GCC_WARN_64_TO_32_BIT_CONVERSION = YES;
				GCC_WARN_ABOUT_RETURN_TYPE = YES_ERROR;
				GCC_WARN_UNDECLARED_SELECTOR = YES;
				GCC_WARN_UNINITIALIZED_AUTOS = YES_AGGRESSIVE;
				GCC_WARN_UNUSED_FUNCTION = YES;
				GCC_WARN_UNUSED_VARIABLE = YES;
				LOCALIZATION_PREFERS_STRING_CATALOGS = YES;
				MACOSX_DEPLOYMENT_TARGET = 14.4;
				MTL_ENABLE_DEBUG_INFO = NO;
				MTL_FAST_MATH = YES;
				SDKROOT = macosx;
			};
			name = Release;
		};
		F7CA01812BB1DA19003E1B95 /* Debug */ = {
			isa = XCBuildConfiguration;
			buildSettings = {
				CODE_SIGN_STYLE = Automatic;
				PRODUCT_NAME = "$(TARGET_NAME)";
			};
			name = Debug;
		};
		F7CA01822BB1DA19003E1B95 /* Release */ = {
			isa = XCBuildConfiguration;
			buildSettings = {
				CODE_SIGN_STYLE = Automatic;
				PRODUCT_NAME = "$(TARGET_NAME)";
			};
			name = Release;
		};
/* End XCBuildConfiguration section */

/* Begin XCConfigurationList section */
		F7CA01742BB1DA19003E1B95 /* Build configuration list for PBXProject "TrainOpenClassroom5" */ = {
			isa = XCConfigurationList;
			buildConfigurations = (
				F7CA017E2BB1DA19003E1B95 /* Debug */,
				F7CA017F2BB1DA19003E1B95 /* Release */,
			);
			defaultConfigurationIsVisible = 0;
			defaultConfigurationName = Release;
		};
		F7CA01802BB1DA19003E1B95 /* Build configuration list for PBXNativeTarget "TrainOpenClassroom5" */ = {
			isa = XCConfigurationList;
			buildConfigurations = (
				F7CA01812BB1DA19003E1B95 /* Debug */,
				F7CA01822BB1DA19003E1B95 /* Release */,
			);
			defaultConfigurationIsVisible = 0;
			defaultConfigurationName = Release;
		};
/* End XCConfigurationList section */
	};
	rootObject = F7CA01712BB1DA19003E1B95 /* Project object */;
}
